
Microsoft Visual Studio Solution File, Format Version 12.00
# Visual Studio Version 17
VisualStudioVersion = 17.4.33122.133
MinimumVisualStudioVersion = 10.0.40219.1
Project("{FAE04EC0-301F-11D3-BF4B-00C04F79EFBC}") = "cs-.net4.7-playground", "cs-.net4.7-playground.csproj", "{8FA97881-9541-4C22-9E2C-081C70B06ECB}"
EndProject
Global
	GlobalSection(SolutionConfigurationPlatforms) = preSolution
		Debug|Any CPU = Debug|Any CPU
		Release|Any CPU = Release|Any CPU
	EndGlobalSection
	GlobalSection(ProjectConfigurationPlatforms) = postSolution
		{8FA97881-9541-4C22-9E2C-081C70B06ECB}.Debug|Any CPU.ActiveCfg = Debug|Any CPU
		{8FA97881-9541-4C22-9E2C-081C70B06ECB}.Debug|Any CPU.Build.0 = Debug|Any CPU
		{8FA97881-9541-4C22-9E2C-081C70B06ECB}.Release|Any CPU.ActiveCfg = Release|Any CPU
		{8FA97881-9541-4C22-9E2C-081C70B06ECB}.Release|Any CPU.Build.0 = Release|Any CPU
	EndGlobalSection
	GlobalSection(SolutionProperties) = preSolution
		HideSolutionNode = FALSE
	EndGlobalSection
	GlobalSection(ExtensibilityGlobals) = postSolution
		SolutionGuid = {D949F9CD-CD36-4013-8CED-31887D48C124}
	EndGlobalSection
EndGlobal
